version = 1
revision = 3
requires-python = ">=3.12"

[[package]]
name = "click"
version = "8.3.0"
source = { registry = "https://pypi.org/simple" }
dependencies = [
    { name = "colorama", marker = "sys_platform == 'win32'" },
]
sdist = { url = "https://files.pythonhosted.org/packages/46/61/de6cd827efad202d7057d93e0fed9294b96952e188f7384832791c7b2254/click-8.3.0.tar.gz", hash = "sha256:e7b8232224eba16f4ebe410c25ced9f7875cb5f3263ffc93cc3e8da705e229c4", size = 276943, upload-time = "2025-09-18T17:32:23.696Z" }
wheels = [
    { url = "https://files.pythonhosted.org/packages/db/d3/9dcc0f5797f070ec8edf30fbadfb200e71d9db6b84d211e3b2085a7589a0/click-8.3.0-py3-none-any.whl", hash = "sha256:9b9f285302c6e3064f4330c05f05b81945b2a39544279343e6e7c5f27a9baddc", size = 107295, upload-time = "2025-09-18T17:32:22.42Z" },
]

[[package]]
name = "colorama"
version = "0.4.6"
source = { registry = "https://pypi.org/simple" }
sdist = { url = "https://files.pythonhosted.org/packages/d8/53/6f443c9a4a8358a93a6792e2acffb9d9d5cb0a5cfd8802644b7b1c9a02e4/colorama-0.4.6.tar.gz", hash = "sha256:08695f5cb7ed6e0531a20572697297273c47b8cae5a63ffc6d6ed5c201be6e44", size = 27697, upload-time = "2022-10-25T02:36:22.414Z" }
wheels = [
    { url = "https://files.pythonhosted.org/packages/d1/d6/3965ed04c63042e047cb6a3e6ed1a63a35087b6a609aa3a15ed8ac56c221/colorama-0.4.6-py2.py3-none-any.whl", hash = "sha256:4f1d9991f5acc0ca119f9d443620b77f9d6b33703e51011c16baf57afb285fc6", size = 25335, upload-time = "2022-10-25T02:36:20.889Z" },
]

[[package]]
name = "heb-g2p-benchmark"
version = "0.1.0"
source = { virtual = "." }
dependencies = [
    { name = "jiwer" },
]

[package.metadata]
requires-dist = [{ name = "jiwer", specifier = ">=4.0.0" }]

[[package]]
name = "jiwer"
version = "4.0.0"
source = { registry = "https://pypi.org/simple" }
dependencies = [
    { name = "click" },
    { name = "rapidfuzz" },
]
sdist = { url = "https://files.pythonhosted.org/packages/12/1e/963dfc249d5bbe88079b57a22556e981ddd9208e4b6116e48bdbfc01f26b/jiwer-4.0.0.tar.gz", hash = "sha256:ae9c051469102a61ef0927100baeeb4546f78d180c9b0948281d08eaf44c191e", size = 28074, upload-time = "2025-06-19T16:05:23.004Z" }
wheels = [
    { url = "https://files.pythonhosted.org/packages/69/c9/172c525330c739a068c01050759a6f855ce16212db10a0359e690a03ac48/jiwer-4.0.0-py3-none-any.whl", hash = "sha256:7efaf0bd336b095d99ddef9dd67e1ee829d75d58aa2a81d9639870b01d6d95ea", size = 23034, upload-time = "2025-06-19T16:05:21.821Z" },
]

[[package]]
name = "rapidfuzz"
version = "3.14.1"
source = { registry = "https://pypi.org/simple" }
sdist = { url = "https://files.pythonhosted.org/packages/ed/fc/a98b616db9a42dcdda7c78c76bdfdf6fe290ac4c5ffbb186f73ec981ad5b/rapidfuzz-3.14.1.tar.gz", hash = "sha256:b02850e7f7152bd1edff27e9d584505b84968cacedee7a734ec4050c655a803c", size = 57869570, upload-time = "2025-09-08T21:08:15.922Z" }
wheels = [
    { url = "https://files.pythonhosted.org/packages/df/77/2f4887c9b786f203e50b816c1cde71f96642f194e6fa752acfa042cf53fd/rapidfuzz-3.14.1-cp312-cp312-macosx_10_13_x86_64.whl", hash = "sha256:809515194f628004aac1b1b280c3734c5ea0ccbd45938c9c9656a23ae8b8f553", size = 1932216, upload-time = "2025-09-08T21:06:09.342Z" },
    { url = "https://files.pythonhosted.org/packages/de/bd/b5e445d156cb1c2a87d36d8da53daf4d2a1d1729b4851660017898b49aa0/rapidfuzz-3.14.1-cp312-cp312-macosx_11_0_arm64.whl", hash = "sha256:0afcf2d6cb633d0d4260d8df6a40de2d9c93e9546e2c6b317ab03f89aa120ad7", size = 1393414, upload-time = "2025-09-08T21:06:10.959Z" },
    { url = "https://files.pythonhosted.org/packages/de/bd/98d065dd0a4479a635df855616980eaae1a1a07a876db9400d421b5b6371/rapidfuzz-3.14.1-cp312-cp312-manylinux_2_26_aarch64.manylinux_2_28_aarch64.whl", hash = "sha256:5c1c3d07d53dcafee10599da8988d2b1f39df236aee501ecbd617bd883454fcd", size = 1377194, upload-time = "2025-09-08T21:06:12.471Z" },
    { url = "https://files.pythonhosted.org/packages/d3/8a/1265547b771128b686f3c431377ff1db2fa073397ed082a25998a7b06d4e/rapidfuzz-3.14.1-cp312-cp312-manylinux_2_26_ppc64le.manylinux_2_28_ppc64le.whl", hash = "sha256:6e9ee3e1eb0a027717ee72fe34dc9ac5b3e58119f1bd8dd15bc19ed54ae3e62b", size = 1669573, upload-time = "2025-09-08T21:06:14.016Z" },
    { url = "https://files.pythonhosted.org/packages/a8/57/e73755c52fb451f2054196404ccc468577f8da023b3a48c80bce29ee5d4a/rapidfuzz-3.14.1-cp312-cp312-manylinux_2_26_s390x.manylinux_2_28_s390x.whl", hash = "sha256:70c845b64a033a20c44ed26bc890eeb851215148cc3e696499f5f65529afb6cb", size = 2217833, upload-time = "2025-09-08T21:06:15.666Z" },
    { url = "https://files.pythonhosted.org/packages/20/14/7399c18c460e72d1b754e80dafc9f65cb42a46cc8f29cd57d11c0c4acc94/rapidfuzz-3.14.1-cp312-cp312-manylinux_2_27_x86_64.manylinux_2_28_x86_64.whl", hash = "sha256:26db0e815213d04234298dea0d884d92b9cb8d4ba954cab7cf67a35853128a33", size = 3159012, upload-time = "2025-09-08T21:06:17.631Z" },
    { url = "https://files.pythonhosted.org/packages/f8/5e/24f0226ddb5440cabd88605d2491f99ae3748a6b27b0bc9703772892ced7/rapidfuzz-3.14.1-cp312-cp312-manylinux_2_31_armv7l.whl", hash = "sha256:6ad3395a416f8b126ff11c788531f157c7debeb626f9d897c153ff8980da10fb", size = 1227032, upload-time = "2025-09-08T21:06:21.06Z" },
    { url = "https://files.pythonhosted.org/packages/40/43/1d54a4ad1a5fac2394d5f28a3108e2bf73c26f4f23663535e3139cfede9b/rapidfuzz-3.14.1-cp312-cp312-musllinux_1_2_aarch64.whl", hash = "sha256:61c5b9ab6f730e6478aa2def566223712d121c6f69a94c7cc002044799442afd", size = 2395054, upload-time = "2025-09-08T21:06:23.482Z" },
    { url = "https://files.pythonhosted.org/packages/0c/71/e9864cd5b0f086c4a03791f5dfe0155a1b132f789fe19b0c76fbabd20513/rapidfuzz-3.14.1-cp312-cp312-musllinux_1_2_armv7l.whl", hash = "sha256:13e0ea3d0c533969158727d1bb7a08c2cc9a816ab83f8f0dcfde7e38938ce3e6", size = 2524741, upload-time = "2025-09-08T21:06:26.825Z" },
    { url = "https://files.pythonhosted.org/packages/b2/0c/53f88286b912faf4a3b2619a60df4f4a67bd0edcf5970d7b0c1143501f0c/rapidfuzz-3.14.1-cp312-cp312-musllinux_1_2_ppc64le.whl", hash = "sha256:6325ca435b99f4001aac919ab8922ac464999b100173317defb83eae34e82139", size = 2785311, upload-time = "2025-09-08T21:06:29.471Z" },
    { url = "https://files.pythonhosted.org/packages/53/9a/229c26dc4f91bad323f07304ee5ccbc28f0d21c76047a1e4f813187d0bad/rapidfuzz-3.14.1-cp312-cp312-musllinux_1_2_s390x.whl", hash = "sha256:07a9fad3247e68798424bdc116c1094e88ecfabc17b29edf42a777520347648e", size = 3303630, upload-time = "2025-09-08T21:06:31.094Z" },
    { url = "https://files.pythonhosted.org/packages/05/de/20e330d6d58cbf83da914accd9e303048b7abae2f198886f65a344b69695/rapidfuzz-3.14.1-cp312-cp312-musllinux_1_2_x86_64.whl", hash = "sha256:f8ff5dbe78db0a10c1f916368e21d328935896240f71f721e073cf6c4c8cdedd", size = 4262364, upload-time = "2025-09-08T21:06:32.877Z" },
    { url = "https://files.pythonhosted.org/packages/1f/10/2327f83fad3534a8d69fe9cd718f645ec1fe828b60c0e0e97efc03bf12f8/rapidfuzz-3.14.1-cp312-cp312-win32.whl", hash = "sha256:9c83270e44a6ae7a39fc1d7e72a27486bccc1fa5f34e01572b1b90b019e6b566", size = 1711927, upload-time = "2025-09-08T21:06:34.669Z" },
    { url = "https://files.pythonhosted.org/packages/78/8d/199df0370133fe9f35bc72f3c037b53c93c5c1fc1e8d915cf7c1f6bb8557/rapidfuzz-3.14.1-cp312-cp312-win_amd64.whl", hash = "sha256:e06664c7fdb51c708e082df08a6888fce4c5c416d7e3cc2fa66dd80eb76a149d", size = 1542045, upload-time = "2025-09-08T21:06:36.364Z" },
    { url = "https://files.pythonhosted.org/packages/b3/c6/cc5d4bd1b16ea2657c80b745d8b1c788041a31fad52e7681496197b41562/rapidfuzz-3.14.1-cp312-cp312-win_arm64.whl", hash = "sha256:6c7c26025f7934a169a23dafea6807cfc3fb556f1dd49229faf2171e5d8101cc", size = 813170, upload-time = "2025-09-08T21:06:38.001Z" },
    { url = "https://files.pythonhosted.org/packages/0d/f2/0024cc8eead108c4c29337abe133d72ddf3406ce9bbfbcfc110414a7ea07/rapidfuzz-3.14.1-cp313-cp313-macosx_10_13_x86_64.whl", hash = "sha256:8d69f470d63ee824132ecd80b1974e1d15dd9df5193916901d7860cef081a260", size = 1926515, upload-time = "2025-09-08T21:06:39.834Z" },
    { url = "https://files.pythonhosted.org/packages/12/ae/6cb211f8930bea20fa989b23f31ee7f92940caaf24e3e510d242a1b28de4/rapidfuzz-3.14.1-cp313-cp313-macosx_11_0_arm64.whl", hash = "sha256:6f571d20152fc4833b7b5e781b36d5e4f31f3b5a596a3d53cf66a1bd4436b4f4", size = 1388431, upload-time = "2025-09-08T21:06:41.73Z" },
    { url = "https://files.pythonhosted.org/packages/39/88/bfec24da0607c39e5841ced5594ea1b907d20f83adf0e3ee87fa454a425b/rapidfuzz-3.14.1-cp313-cp313-manylinux_2_26_aarch64.manylinux_2_28_aarch64.whl", hash = "sha256:61d77e09b2b6bc38228f53b9ea7972a00722a14a6048be9a3672fb5cb08bad3a", size = 1375664, upload-time = "2025-09-08T21:06:43.737Z" },
    { url = "https://files.pythonhosted.org/packages/f4/43/9f282ba539e404bdd7052c7371d3aaaa1a9417979d2a1d8332670c7f385a/rapidfuzz-3.14.1-cp313-cp313-manylinux_2_26_ppc64le.manylinux_2_28_ppc64le.whl", hash = "sha256:8b41d95ef86a6295d353dc3bb6c80550665ba2c3bef3a9feab46074d12a9af8f", size = 1668113, upload-time = "2025-09-08T21:06:45.758Z" },
    { url = "https://files.pythonhosted.org/packages/7f/2f/0b3153053b1acca90969eb0867922ac8515b1a8a48706a3215c2db60e87c/rapidfuzz-3.14.1-cp313-cp313-manylinux_2_26_s390x.manylinux_2_28_s390x.whl", hash = "sha256:0591df2e856ad583644b40a2b99fb522f93543c65e64b771241dda6d1cfdc96b", size = 2212875, upload-time = "2025-09-08T21:06:47.447Z" },
    { url = "https://files.pythonhosted.org/packages/f8/9b/623001dddc518afaa08ed1fbbfc4005c8692b7a32b0f08b20c506f17a770/rapidfuzz-3.14.1-cp313-cp313-manylinux_2_27_x86_64.manylinux_2_28_x86_64.whl", hash = "sha256:f277801f55b2f3923ef2de51ab94689a0671a4524bf7b611de979f308a54cd6f", size = 3161181, upload-time = "2025-09-08T21:06:49.179Z" },
    { url = "https://files.pythonhosted.org/packages/ce/b7/d8404ed5ad56eb74463e5ebf0a14f0019d7eb0e65e0323f709fe72e0884c/rapidfuzz-3.14.1-cp313-cp313-manylinux_2_31_armv7l.whl", hash = "sha256:893fdfd4f66ebb67f33da89eb1bd1674b7b30442fdee84db87f6cb9074bf0ce9", size = 1225495, upload-time = "2025-09-08T21:06:51.056Z" },
    { url = "https://files.pythonhosted.org/packages/2c/6c/b96af62bc7615d821e3f6b47563c265fd7379d7236dfbc1cbbcce8beb1d2/rapidfuzz-3.14.1-cp313-cp313-musllinux_1_2_aarch64.whl", hash = "sha256:fe2651258c1f1afa9b66f44bf82f639d5f83034f9804877a1bbbae2120539ad1", size = 2396294, upload-time = "2025-09-08T21:06:53.063Z" },
    { url = "https://files.pythonhosted.org/packages/7f/b7/c60c9d22a7debed8b8b751f506a4cece5c22c0b05e47a819d6b47bc8c14e/rapidfuzz-3.14.1-cp313-cp313-musllinux_1_2_armv7l.whl", hash = "sha256:ace21f7a78519d8e889b1240489cd021c5355c496cb151b479b741a4c27f0a25", size = 2529629, upload-time = "2025-09-08T21:06:55.188Z" },
    { url = "https://files.pythonhosted.org/packages/25/94/a9ec7ccb28381f14de696ffd51c321974762f137679df986f5375d35264f/rapidfuzz-3.14.1-cp313-cp313-musllinux_1_2_ppc64le.whl", hash = "sha256:cb5acf24590bc5e57027283b015950d713f9e4d155fda5cfa71adef3b3a84502", size = 2782960, upload-time = "2025-09-08T21:06:57.339Z" },
    { url = "https://files.pythonhosted.org/packages/68/80/04e5276d223060eca45250dbf79ea39940c0be8b3083661d58d57572c2c5/rapidfuzz-3.14.1-cp313-cp313-musllinux_1_2_s390x.whl", hash = "sha256:67ea46fa8cc78174bad09d66b9a4b98d3068e85de677e3c71ed931a1de28171f", size = 3298427, upload-time = "2025-09-08T21:06:59.319Z" },
    { url = "https://files.pythonhosted.org/packages/4a/63/24759b2a751562630b244e68ccaaf7a7525c720588fcc77c964146355aee/rapidfuzz-3.14.1-cp313-cp313-musllinux_1_2_x86_64.whl", hash = "sha256:44e741d785de57d1a7bae03599c1cbc7335d0b060a35e60c44c382566e22782e", size = 4267736, upload-time = "2025-09-08T21:07:01.31Z" },
    { url = "https://files.pythonhosted.org/packages/18/a4/73f1b1f7f44d55f40ffbffe85e529eb9d7e7f7b2ffc0931760eadd163995/rapidfuzz-3.14.1-cp313-cp313-win32.whl", hash = "sha256:b1fe6001baa9fa36bcb565e24e88830718f6c90896b91ceffcb48881e3adddbc", size = 1710515, upload-time = "2025-09-08T21:07:03.16Z" },
    { url = "https://files.pythonhosted.org/packages/6a/8b/a8fe5a6ee4d06fd413aaa9a7e0a23a8630c4b18501509d053646d18c2aa7/rapidfuzz-3.14.1-cp313-cp313-win_amd64.whl", hash = "sha256:83b8cc6336709fa5db0579189bfd125df280a554af544b2dc1c7da9cdad7e44d", size = 1540081, upload-time = "2025-09-08T21:07:05.401Z" },
    { url = "https://files.pythonhosted.org/packages/ac/fe/4b0ac16c118a2367d85450b45251ee5362661e9118a1cef88aae1765ffff/rapidfuzz-3.14.1-cp313-cp313-win_arm64.whl", hash = "sha256:cf75769662eadf5f9bd24e865c19e5ca7718e879273dce4e7b3b5824c4da0eb4", size = 812725, upload-time = "2025-09-08T21:07:07.148Z" },
    { url = "https://files.pythonhosted.org/packages/e2/cb/1ad9a76d974d153783f8e0be8dbe60ec46488fac6e519db804e299e0da06/rapidfuzz-3.14.1-cp313-cp313t-macosx_10_13_x86_64.whl", hash = "sha256:d937dbeda71c921ef6537c6d41a84f1b8112f107589c9977059de57a1d726dd6", size = 1945173, upload-time = "2025-09-08T21:07:08.893Z" },
    { url = "https://files.pythonhosted.org/packages/d9/61/959ed7460941d8a81cbf6552b9c45564778a36cf5e5aa872558b30fc02b2/rapidfuzz-3.14.1-cp313-cp313t-macosx_11_0_arm64.whl", hash = "sha256:7a2d80cc1a4fcc7e259ed4f505e70b36433a63fa251f1bb69ff279fe376c5efd", size = 1413949, upload-time = "2025-09-08T21:07:11.033Z" },
    { url = "https://files.pythonhosted.org/packages/7b/a0/f46fca44457ca1f25f23cc1f06867454fc3c3be118cd10b552b0ab3e58a2/rapidfuzz-3.14.1-cp313-cp313t-win32.whl", hash = "sha256:40875e0c06f1a388f1cab3885744f847b557e0b1642dfc31ff02039f9f0823ef", size = 1760666, upload-time = "2025-09-08T21:07:12.884Z" },
    { url = "https://files.pythonhosted.org/packages/9b/d0/7a5d9c04446f8b66882b0fae45b36a838cf4d31439b5d1ab48a9d17c8e57/rapidfuzz-3.14.1-cp313-cp313t-win_amd64.whl", hash = "sha256:876dc0c15552f3d704d7fb8d61bdffc872ff63bedf683568d6faad32e51bbce8", size = 1579760, upload-time = "2025-09-08T21:07:14.718Z" },
    { url = "https://files.pythonhosted.org/packages/4e/aa/2c03ae112320d0746f2c869cae68c413f3fe3b6403358556f2b747559723/rapidfuzz-3.14.1-cp313-cp313t-win_arm64.whl", hash = "sha256:61458e83b0b3e2abc3391d0953c47d6325e506ba44d6a25c869c4401b3bc222c", size = 832088, upload-time = "2025-09-08T21:07:17.03Z" },
    { url = "https://files.pythonhosted.org/packages/d6/36/53debca45fbe693bd6181fb05b6a2fd561c87669edb82ec0d7c1961a43f0/rapidfuzz-3.14.1-cp314-cp314-macosx_10_13_x86_64.whl", hash = "sha256:e84d9a844dc2e4d5c4cabd14c096374ead006583304333c14a6fbde51f612a44", size = 1926336, upload-time = "2025-09-08T21:07:18.809Z" },
    { url = "https://files.pythonhosted.org/packages/ae/32/b874f48609665fcfeaf16cbaeb2bbc210deef2b88e996c51cfc36c3eb7c3/rapidfuzz-3.14.1-cp314-cp314-macosx_11_0_arm64.whl", hash = "sha256:40301b93b99350edcd02dbb22e37ca5f2a75d0db822e9b3c522da451a93d6f27", size = 1389653, upload-time = "2025-09-08T21:07:20.667Z" },
    { url = "https://files.pythonhosted.org/packages/97/25/f6c5a1ff4ec11edadacb270e70b8415f51fa2f0d5730c2c552b81651fbe3/rapidfuzz-3.14.1-cp314-cp314-manylinux_2_26_aarch64.manylinux_2_28_aarch64.whl", hash = "sha256:fedd5097a44808dddf341466866e5c57a18a19a336565b4ff50aa8f09eb528f6", size = 1380911, upload-time = "2025-09-08T21:07:22.584Z" },
    { url = "https://files.pythonhosted.org/packages/d8/f3/d322202ef8fab463759b51ebfaa33228100510c82e6153bd7a922e150270/rapidfuzz-3.14.1-cp314-cp314-manylinux_2_26_ppc64le.manylinux_2_28_ppc64le.whl", hash = "sha256:2e3e61c9e80d8c26709d8aa5c51fdd25139c81a4ab463895f8a567f8347b0548", size = 1673515, upload-time = "2025-09-08T21:07:24.417Z" },
    { url = "https://files.pythonhosted.org/packages/8d/b9/6b2a97f4c6be96cac3749f32301b8cdf751ce5617b1c8934c96586a0662b/rapidfuzz-3.14.1-cp314-cp314-manylinux_2_26_s390x.manylinux_2_28_s390x.whl", hash = "sha256:da011a373722fac6e64687297a1d17dc8461b82cb12c437845d5a5b161bc24b9", size = 2219394, upload-time = "2025-09-08T21:07:26.402Z" },
    { url = "https://files.pythonhosted.org/packages/11/bf/afb76adffe4406e6250f14ce48e60a7eb05d4624945bd3c044cfda575fbc/rapidfuzz-3.14.1-cp314-cp314-manylinux_2_27_x86_64.manylinux_2_28_x86_64.whl", hash = "sha256:5967d571243cfb9ad3710e6e628ab68c421a237b76e24a67ac22ee0ff12784d6", size = 3163582, upload-time = "2025-09-08T21:07:28.878Z" },
    { url = "https://files.pythonhosted.org/packages/42/34/e6405227560f61e956cb4c5de653b0f874751c5ada658d3532d6c1df328e/rapidfuzz-3.14.1-cp314-cp314-manylinux_2_31_armv7l.whl", hash = "sha256:474f416cbb9099676de54aa41944c154ba8d25033ee460f87bb23e54af6d01c9", size = 1221116, upload-time = "2025-09-08T21:07:30.8Z" },
    { url = "https://files.pythonhosted.org/packages/55/e6/5b757e2e18de384b11d1daf59608453f0baf5d5d8d1c43e1a964af4dc19a/rapidfuzz-3.14.1-cp314-cp314-musllinux_1_2_aarch64.whl", hash = "sha256:ae2d57464b59297f727c4e201ea99ec7b13935f1f056c753e8103da3f2fc2404", size = 2402670, upload-time = "2025-09-08T21:07:32.702Z" },
    { url = "https://files.pythonhosted.org/packages/43/c4/d753a415fe54531aa882e288db5ed77daaa72e05c1a39e1cbac00d23024f/rapidfuzz-3.14.1-cp314-cp314-musllinux_1_2_armv7l.whl", hash = "sha256:57047493a1f62f11354c7143c380b02f1b355c52733e6b03adb1cb0fe8fb8816", size = 2521659, upload-time = "2025-09-08T21:07:35.218Z" },
    { url = "https://files.pythonhosted.org/packages/cd/28/d4e7fe1515430db98f42deb794c7586a026d302fe70f0216b638d89cf10f/rapidfuzz-3.14.1-cp314-cp314-musllinux_1_2_ppc64le.whl", hash = "sha256:4acc20776f225ee37d69517a237c090b9fa7e0836a0b8bc58868e9168ba6ef6f", size = 2788552, upload-time = "2025-09-08T21:07:37.188Z" },
    { url = "https://files.pythonhosted.org/packages/4f/00/eab05473af7a2cafb4f3994bc6bf408126b8eec99a569aac6254ac757db4/rapidfuzz-3.14.1-cp314-cp314-musllinux_1_2_s390x.whl", hash = "sha256:4373f914ff524ee0146919dea96a40a8200ab157e5a15e777a74a769f73d8a4a", size = 3306261, upload-time = "2025-09-08T21:07:39.624Z" },
    { url = "https://files.pythonhosted.org/packages/d1/31/2feb8dfcfcff6508230cd2ccfdde7a8bf988c6fda142fe9ce5d3eb15704d/rapidfuzz-3.14.1-cp314-cp314-musllinux_1_2_x86_64.whl", hash = "sha256:37017b84953927807847016620d61251fe236bd4bcb25e27b6133d955bb9cafb", size = 4269522, upload-time = "2025-09-08T21:07:41.663Z" },
    { url = "https://files.pythonhosted.org/packages/a3/99/250538d73c8fbab60597c3d131a11ef2a634d38b44296ca11922794491ac/rapidfuzz-3.14.1-cp314-cp314-win32.whl", hash = "sha256:c8d1dd1146539e093b84d0805e8951475644af794ace81d957ca612e3eb31598", size = 1745018, upload-time = "2025-09-08T21:07:44.313Z" },
    { url = "https://files.pythonhosted.org/packages/c5/15/d50839d20ad0743aded25b08a98ffb872f4bfda4e310bac6c111fcf6ea1f/rapidfuzz-3.14.1-cp314-cp314-win_amd64.whl", hash = "sha256:f51c7571295ea97387bac4f048d73cecce51222be78ed808263b45c79c40a440", size = 1587666, upload-time = "2025-09-08T21:07:46.917Z" },
    { url = "https://files.pythonhosted.org/packages/a3/ff/d73fec989213fb6f0b6f15ee4bbdf2d88b0686197951a06b036111cd1c7d/rapidfuzz-3.14.1-cp314-cp314-win_arm64.whl", hash = "sha256:01eab10ec90912d7d28b3f08f6c91adbaf93458a53f849ff70776ecd70dd7a7a", size = 835780, upload-time = "2025-09-08T21:07:49.256Z" },
    { url = "https://files.pythonhosted.org/packages/b7/e7/f0a242687143cebd33a1fb165226b73bd9496d47c5acfad93de820a18fa8/rapidfuzz-3.14.1-cp314-cp314t-macosx_10_13_x86_64.whl", hash = "sha256:60879fcae2f7618403c4c746a9a3eec89327d73148fb6e89a933b78442ff0669", size = 1945182, upload-time = "2025-09-08T21:07:51.84Z" },
    { url = "https://files.pythonhosted.org/packages/96/29/ca8a3f8525e3d0e7ab49cb927b5fb4a54855f794c9ecd0a0b60a6c96a05f/rapidfuzz-3.14.1-cp314-cp314t-macosx_11_0_arm64.whl", hash = "sha256:f94d61e44db3fc95a74006a394257af90fa6e826c900a501d749979ff495d702", size = 1413946, upload-time = "2025-09-08T21:07:53.702Z" },
    { url = "https://files.pythonhosted.org/packages/b5/ef/6fd10aa028db19c05b4ac7fe77f5613e4719377f630c709d89d7a538eea2/rapidfuzz-3.14.1-cp314-cp314t-win32.whl", hash = "sha256:93b6294a3ffab32a9b5f9b5ca048fa0474998e7e8bb0f2d2b5e819c64cb71ec7", size = 1795851, upload-time = "2025-09-08T21:07:55.76Z" },
    { url = "https://files.pythonhosted.org/packages/e4/30/acd29ebd906a50f9e0f27d5f82a48cf5e8854637b21489bd81a2459985cf/rapidfuzz-3.14.1-cp314-cp314t-win_amd64.whl", hash = "sha256:6cb56b695421538fdbe2c0c85888b991d833b8637d2f2b41faa79cea7234c000", size = 1626748, upload-time = "2025-09-08T21:07:58.166Z" },
    { url = "https://files.pythonhosted.org/packages/c1/f4/dfc7b8c46b1044a47f7ca55deceb5965985cff3193906cb32913121e6652/rapidfuzz-3.14.1-cp314-cp314t-win_arm64.whl", hash = "sha256:7cd312c380d3ce9d35c3ec9726b75eee9da50e8a38e89e229a03db2262d3d96b", size = 853771, upload-time = "2025-09-08T21:08:00.816Z" },
]
